
Microsoft Visual Studio Solution File, Format Version 12.00
# Visual Studio Version 16
VisualStudioVersion = 16.0.30523.141
MinimumVisualStudioVersion = 10.0.40219.1
Project("{FAE04EC0-301F-11D3-BF4B-00C04F79EFBC}") = "TollPlaza_API_Prabhdeep", "TollPlaza_API_Prabhdeep\TollPlaza_API_Prabhdeep.csproj", "{847E1865-7C37-4C08-9DA7-7322A6FB0566}"
EndProject
Global
	GlobalSection(SolutionConfigurationPlatforms) = preSolution
		Debug|Any CPU = Debug|Any CPU
		Release|Any CPU = Release|Any CPU
	EndGlobalSection
	GlobalSection(ProjectConfigurationPlatforms) = postSolution
		{847E1865-7C37-4C08-9DA7-7322A6FB0566}.Debug|Any CPU.ActiveCfg = Debug|Any CPU
		{847E1865-7C37-4C08-9DA7-7322A6FB0566}.Debug|Any CPU.Build.0 = Debug|Any CPU
		{847E1865-7C37-4C08-9DA7-7322A6FB0566}.Release|Any CPU.ActiveCfg = Release|Any CPU
		{847E1865-7C37-4C08-9DA7-7322A6FB0566}.Release|Any CPU.Build.0 = Release|Any CPU
	EndGlobalSection
	GlobalSection(SolutionProperties) = preSolution
		HideSolutionNode = FALSE
	EndGlobalSection
	GlobalSection(ExtensibilityGlobals) = postSolution
		SolutionGuid = {2A5CA74E-3AAA-4271-A587-4FDA7B06E8E4}
	EndGlobalSection
EndGlobal
